// !$*UTF8*$!
{
	archiveVersion = 1;
	classes = {
	};
	objectVersion = 46;
	objects = {

/* Begin PBXBuildFile section */
		61B1F3701EE2B037004EF725 /* AppDelegate.swift in Sources */ = {isa = PBXBuildFile; fileRef = 61B1F36F1EE2B037004EF725 /* AppDelegate.swift */; };
		61B1F3721EE2B038004EF725 /* ViewController.swift in Sources */ = {isa = PBXBuildFile; fileRef = 61B1F3711EE2B038004EF725 /* ViewController.swift */; };
		61B1F3751EE2B038004EF725 /* Main.storyboard in Resources */ = {isa = PBXBuildFile; fileRef = 61B1F3731EE2B038004EF725 /* Main.storyboard */; };
		61B1F3771EE2B038004EF725 /* Assets.xcassets in Resources */ = {isa = PBXBuildFile; fileRef = 61B1F3761EE2B038004EF725 /* Assets.xcassets */; };
		61B1F37A1EE2B038004EF725 /* LaunchScreen.storyboard in Resources */ = {isa = PBXBuildFile; fileRef = 61B1F3781EE2B038004EF725 /* LaunchScreen.storyboard */; };
		61B1F3821EE2B532004EF725 /* Map.swift in Sources */ = {isa = PBXBuildFile; fileRef = 61B1F3811EE2B532004EF725 /* Map.swift */; };
		61FB04AC1EE30A3D00D35EED /* Structures.swift in Sources */ = {isa = PBXBuildFile; fileRef = 61FB04AB1EE30A3D00D35EED /* Structures.swift */; };
/* End PBXBuildFile section */

/* Begin PBXFileReference section */
		61B1F36C1EE2B037004EF725 /* WeatherAPI.app */ = {isa = PBXFileReference; explicitFileType = wrapper.application; includeInIndex = 0; path = WeatherAPI.app; sourceTree = BUILT_PRODUCTS_DIR; };
		61B1F36F1EE2B037004EF725 /* AppDelegate.swift */ = {isa = PBXFileReference; lastKnownFileType = sourcecode.swift; path = AppDelegate.swift; sourceTree = "<group>"; };
		61B1F3711EE2B038004EF725 /* ViewController.swift */ = {isa = PBXFileReference; lastKnownFileType = sourcecode.swift; path = ViewController.swift; sourceTree = "<group>"; };
		61B1F3741EE2B038004EF725 /* Base */ = {isa = PBXFileReference; lastKnownFileType = file.storyboard; name = Base; path = Base.lproj/Main.storyboard; sourceTree = "<group>"; };
		61B1F3761EE2B038004EF725 /* Assets.xcassets */ = {isa = PBXFileReference; lastKnownFileType = folder.assetcatalog; path = Assets.xcassets; sourceTree = "<group>"; };
		61B1F3791EE2B038004EF725 /* Base */ = {isa = PBXFileReference; lastKnownFileType = file.storyboard; name = Base; path = Base.lproj/LaunchScreen.storyboard; sourceTree = "<group>"; };
		61B1F37B1EE2B038004EF725 /* Info.plist */ = {isa = PBXFileReference; lastKnownFileType = text.plist.xml; path = Info.plist; sourceTree = "<group>"; };
		61B1F3811EE2B532004EF725 /* Map.swift */ = {isa = PBXFileReference; fileEncoding = 4; lastKnownFileType = sourcecode.swift; path = Map.swift; sourceTree = "<group>"; };
		61FB04AB1EE30A3D00D35EED /* Structures.swift */ = {isa = PBXFileReference; fileEncoding = 4; lastKnownFileType = sourcecode.swift; path = Structures.swift; sourceTree = "<group>"; };
/* End PBXFileReference section */

/* Begin PBXFrameworksBuildPhase section */
		61B1F3691EE2B037004EF725 /* Frameworks */ = {
			isa = PBXFrameworksBuildPhase;
			buildActionMask = 2147483647;
			files = (
			);
			runOnlyForDeploymentPostprocessing = 0;
		};
/* End PBXFrameworksBuildPhase section */

/* Begin PBXGroup section */
		61B1F3631EE2B037004EF725 = {
			isa = PBXGroup;
			children = (
				61B1F36E1EE2B037004EF725 /* WeatherAPI */,
				61B1F36D1EE2B037004EF725 /* Products */,
			);
			sourceTree = "<group>";
		};
		61B1F36D1EE2B037004EF725 /* Products */ = {
			isa = PBXGroup;
			children = (
				61B1F36C1EE2B037004EF725 /* WeatherAPI.app */,
			);
			name = Products;
			sourceTree = "<group>";
		};
		61B1F36E1EE2B037004EF725 /* WeatherAPI */ = {
			isa = PBXGroup;
			children = (
				61B1F36F1EE2B037004EF725 /* AppDelegate.swift */,
				61B1F3711EE2B038004EF725 /* ViewController.swift */,
				61B1F3811EE2B532004EF725 /* Map.swift */,
				61FB04AB1EE30A3D00D35EED /* Structures.swift */,
				61B1F3731EE2B038004EF725 /* Main.storyboard */,
				61B1F3761EE2B038004EF725 /* Assets.xcassets */,
				61B1F3781EE2B038004EF725 /* LaunchScreen.storyboard */,
				61B1F37B1EE2B038004EF725 /* Info.plist */,
			);
			path = WeatherAPI;
			sourceTree = "<group>";
		};
/* End PBXGroup section */

/* Begin PBXNativeTarget section */
		61B1F36B1EE2B037004EF725 /* WeatherAPI */ = {
			isa = PBXNativeTarget;
			buildConfigurationList = 61B1F37E1EE2B038004EF725 /* Build configuration list for PBXNativeTarget "WeatherAPI" */;
			buildPhases = (
				61B1F3681EE2B037004EF725 /* Sources */,
				61B1F3691EE2B037004EF725 /* Frameworks */,
				61B1F36A1EE2B037004EF725 /* Resources */,
			);
			buildRules = (
			);
			dependencies = (
			);
			name = WeatherAPI;
			productName = ThunderAPI;
			productReference = 61B1F36C1EE2B037004EF725 /* WeatherAPI.app */;
			productType = "com.apple.product-type.application";
		};
/* End PBXNativeTarget section */

/* Begin PBXProject section */
		61B1F3641EE2B037004EF725 /* Project object */ = {
			isa = PBXProject;
			attributes = {
				LastSwiftUpdateCheck = 0730;
				LastUpgradeCheck = 0730;
				ORGANIZATIONNAME = "System Administrator";
				TargetAttributes = {
					61B1F36B1EE2B037004EF725 = {
						CreatedOnToolsVersion = 7.3.1;
					};
				};
			};
			buildConfigurationList = 61B1F3671EE2B037004EF725 /* Build configuration list for PBXProject "WeatherAPI" */;
			compatibilityVersion = "Xcode 3.2";
			developmentRegion = English;
			hasScannedForEncodings = 0;
			knownRegions = (
				en,
				Base,
			);
			mainGroup = 61B1F3631EE2B037004EF725;
			productRefGroup = 61B1F36D1EE2B037004EF725 /* Products */;
			projectDirPath = "";
			projectRoot = "";
			targets = (
				61B1F36B1EE2B037004EF725 /* WeatherAPI */,
			);
		};
/* End PBXProject section */

/* Begin PBXResourcesBuildPhase section */
		61B1F36A1EE2B037004EF725 /* Resources */ = {
			isa = PBXResourcesBuildPhase;
			buildActionMask = 2147483647;
			files = (
				61B1F37A1EE2B038004EF725 /* LaunchScreen.storyboard in Resources */,
				61B1F3771EE2B038004EF725 /* Assets.xcassets in Resources */,
				61B1F3751EE2B038004EF725 /* Main.storyboard in Resources */,
			);
			runOnlyForDeploymentPostprocessing = 0;
		};
/* End PBXResourcesBuildPhase section */

/* Begin PBXSourcesBuildPhase section */
		61B1F3681EE2B037004EF725 /* Sources */ = {
			isa = PBXSourcesBuildPhase;
			buildActionMask = 2147483647;
			files = (
				61B1F3721EE2B038004EF725 /* ViewController.swift in Sources */,
				61B1F3821EE2B532004EF725 /* Map.swift in Sources */,
				61B1F3701EE2B037004EF725 /* AppDelegate.swift in Sources */,
				61FB04AC1EE30A3D00D35EED /* Structures.swift in Sources */,
			);
			runOnlyForDeploymentPostprocessing = 0;
		};
/* End PBXSourcesBuildPhase section */

/* Begin PBXVariantGroup section */
		61B1F3731EE2B038004EF725 /* Main.storyboard */ = {
			isa = PBXVariantGroup;
			children = (
				61B1F3741EE2B038004EF725 /* Base */,
			);
			name = Main.storyboard;
			sourceTree = "<group>";
		};
		61B1F3781EE2B038004EF725 /* LaunchScreen.storyboard */ = {
			isa = PBXVariantGroup;
			children = (
				61B1F3791EE2B038004EF725 /* Base */,
			);
			name = LaunchScreen.storyboard;
			sourceTree = "<group>";
		};
/* End PBXVariantGroup section */

/* Begin XCBuildConfiguration section */
		61B1F37C1EE2B038004EF725 /* Debug */ = {
			isa = XCBuildConfiguration;
			buildSettings = {
				ALWAYS_SEARCH_USER_PATHS = NO;
				CLANG_ANALYZER_NONNULL = YES;
				CLANG_CXX_LANGUAGE_STANDARD = "gnu++0x";
				CLANG_CXX_LIBRARY = "libc++";
				CLANG_ENABLE_MODULES = YES;
				CLANG_ENABLE_OBJC_ARC = YES;
				CLANG_WARN_BOOL_CONVERSION = YES;
				CLANG_WARN_CONSTANT_CONVERSION = YES;
				CLANG_WARN_DIRECT_OBJC_ISA_USAGE = YES_ERROR;
				CLANG_WARN_EMPTY_BODY = YES;
				CLANG_WARN_ENUM_CONVERSION = YES;
				CLANG_WARN_INT_CONVERSION = YES;
				CLANG_WARN_OBJC_ROOT_CLASS = YES_ERROR;
				CLANG_WARN_UNREACHABLE_CODE = YES;
				CLANG_WARN__DUPLICATE_METHOD_MATCH = YES;
				"CODE_SIGN_IDENTITY[sdk=iphoneos*]" = "iPhone Developer";
				COPY_PHASE_STRIP = NO;
				DEBUG_INFORMATION_FORMAT = dwarf;
				ENABLE_STRICT_OBJC_MSGSEND = YES;
				ENABLE_TESTABILITY = YES;
				GCC_C_LANGUAGE_STANDARD = gnu99;
				GCC_DYNAMIC_NO_PIC = NO;
				GCC_NO_COMMON_BLOCKS = YES;
				GCC_OPTIMIZATION_LEVEL = 0;
				GCC_PREPROCESSOR_DEFINITIONS = (
					"DEBUG=1",
					"$(inherited)",
				);
				GCC_WARN_64_TO_32_BIT_CONVERSION = YES;
				GCC_WARN_ABOUT_RETURN_TYPE = YES_ERROR;
				GCC_WARN_UNDECLARED_SELECTOR = YES;
				GCC_WARN_UNINITIALIZED_AUTOS = YES_AGGRESSIVE;
				GCC_WARN_UNUSED_FUNCTION = YES;
				GCC_WARN_UNUSED_VARIABLE = YES;
				IPHONEOS_DEPLOYMENT_TARGET = 9.3;
				MTL_ENABLE_DEBUG_INFO = YES;
				ONLY_ACTIVE_ARCH = YES;
				SDKROOT = iphoneos;
				SWIFT_OPTIMIZATION_LEVEL = "-Onone";
				TARGETED_DEVICE_FAMILY = "1,2";
			};
			name = Debug;
		};
		61B1F37D1EE2B038004EF725 /* Release */ = {
			isa = XCBuildConfiguration;
			buildSettings = {
				ALWAYS_SEARCH_USER_PATHS = NO;
				CLANG_ANALYZER_NONNULL = YES;
				CLANG_CXX_LANGUAGE_STANDARD = "gnu++0x";
				CLANG_CXX_LIBRARY = "libc++";
				CLANG_ENABLE_MODULES = YES;
				CLANG_ENABLE_OBJC_ARC = YES;
				CLANG_WARN_BOOL_CONVERSION = YES;
				CLANG_WARN_CONSTANT_CONVERSION = YES;
				CLANG_WARN_DIRECT_OBJC_ISA_USAGE = YES_ERROR;
				CLANG_WARN_EMPTY_BODY = YES;
				CLANG_WARN_ENUM_CONVERSION = YES;
				CLANG_WARN_INT_CONVERSION = YES;
				CLANG_WARN_OBJC_ROOT_CLASS = YES_ERROR;
				CLANG_WARN_UNREACHABLE_CODE = YES;
				CLANG_WARN__DUPLICATE_METHOD_MATCH = YES;
				"CODE_SIGN_IDENTITY[sdk=iphoneos*]" = "iPhone Developer";
				COPY_PHASE_STRIP = NO;
				DEBUG_INFORMATION_FORMAT = "dwarf-with-dsym";
				ENABLE_NS_ASSERTIONS = NO;
				ENABLE_STRICT_OBJC_MSGSEND = YES;
				GCC_C_LANGUAGE_STANDARD = gnu99;
				GCC_NO_COMMON_BLOCKS = YES;
				GCC_WARN_64_TO_32_BIT_CONVERSION = YES;
				GCC_WARN_ABOUT_RETURN_TYPE = YES_ERROR;
				GCC_WARN_UNDECLARED_SELECTOR = YES;
				GCC_WARN_UNINITIALIZED_AUTOS = YES_AGGRESSIVE;
				GCC_WARN_UNUSED_FUNCTION = YES;
				GCC_WARN_UNUSED_VARIABLE = YES;
				IPHONEOS_DEPLOYMENT_TARGET = 9.3;
				MTL_ENABLE_DEBUG_INFO = NO;
				SDKROOT = iphoneos;
				TARGETED_DEVICE_FAMILY = "1,2";
				VALIDATE_PRODUCT = YES;
			};
			name = Release;
		};
		61B1F37F1EE2B038004EF725 /* Debug */ = {
			isa = XCBuildConfiguration;
			buildSettings = {
				ASSETCATALOG_COMPILER_APPICON_NAME = AppIcon;
				INFOPLIST_FILE = WeatherAPI/Info.plist;
				LD_RUNPATH_SEARCH_PATHS = "$(inherited) @executable_path/Frameworks";
				PRODUCT_BUNDLE_IDENTIFIER = insho.WeatherAPI;
				PRODUCT_NAME = WeatherAPI;
			};
			name = Debug;
		};
		61B1F3801EE2B038004EF725 /* Release */ = {
			isa = XCBuildConfiguration;
			buildSettings = {
				ASSETCATALOG_COMPILER_APPICON_NAME = AppIcon;
				INFOPLIST_FILE = WeatherAPI/Info.plist;
				LD_RUNPATH_SEARCH_PATHS = "$(inherited) @executable_path/Frameworks";
				PRODUCT_BUNDLE_IDENTIFIER = insho.WeatherAPI;
				PRODUCT_NAME = WeatherAPI;
			};
			name = Release;
		};
/* End XCBuildConfiguration section */

/* Begin XCConfigurationList section */
		61B1F3671EE2B037004EF725 /* Build configuration list for PBXProject "WeatherAPI" */ = {
			isa = XCConfigurationList;
			buildConfigurations = (
				61B1F37C1EE2B038004EF725 /* Debug */,
				61B1F37D1EE2B038004EF725 /* Release */,
			);
			defaultConfigurationIsVisible = 0;
			defaultConfigurationName = Release;
		};
		61B1F37E1EE2B038004EF725 /* Build configuration list for PBXNativeTarget "WeatherAPI" */ = {
			isa = XCConfigurationList;
			buildConfigurations = (
				61B1F37F1EE2B038004EF725 /* Debug */,
				61B1F3801EE2B038004EF725 /* Release */,
			);
			defaultConfigurationIsVisible = 0;
			defaultConfigurationName = Release;
		};
/* End XCConfigurationList section */
	};
	rootObject = 61B1F3641EE2B037004EF725 /* Project object */;
}
